
Microsoft Visual Studio Solution File, Format Version 12.00
# Visual Studio 14
VisualStudioVersion = 14.0.25420.1
MinimumVisualStudioVersion = 10.0.40219.1
Project("{FAE04EC0-301F-11D3-BF4B-00C04F79EFBC}") = "Lab1_Introduction_Prime", "Lab1_Introduction_Prime\Lab1_Introduction_Prime.csproj", "{25C5D990-B275-4297-8D21-590BB4C7CE7B}"
EndProject
Project("{FAE04EC0-301F-11D3-BF4B-00C04F79EFBC}") = "Lab1_Introduction_Student", "Lab1_Introduction_Student\Lab1_Introduction_Student.csproj", "{E7547A87-5090-406B-A69A-8FB7C117E933}"
EndProject
Project("{FAE04EC0-301F-11D3-BF4B-00C04F79EFBC}") = "Lab2_FileSystem_Max_Min", "Lab2_FileSystem_Max_Min\Lab2_FileSystem_Max_Min.csproj", "{879CD181-FB10-4731-8F45-4DAE13F9AFCB}"
EndProject
Project("{FAE04EC0-301F-11D3-BF4B-00C04F79EFBC}") = "Lab2_FileSystem_PrimeMin", "Lab2_FileSystem_PrimeMin\Lab2_FileSystem_PrimeMin.csproj", "{8C0EE273-9D2A-49AB-BE79-2ECEFBBD17D9}"
EndProject
Project("{FAE04EC0-301F-11D3-BF4B-00C04F79EFBC}") = "Lab2_FileSystem_Complex", "Lab2_FileSystem_Complex\Lab2_FileSystem_Complex.csproj", "{7A43F763-1AAC-4761-9327-AF2CF7F85644}"
EndProject
Project("{FAE04EC0-301F-11D3-BF4B-00C04F79EFBC}") = "Lab3_FarManager", "Lab3_FarManager\Lab3_FarManager.csproj", "{4513803D-CA49-45BA-A79F-001D2589A4A1}"
EndProject
Project("{FAE04EC0-301F-11D3-BF4B-00C04F79EFBC}") = "Lab3_FarManager_Recursion", "Lab3_FarManager_Recursion\Lab3_FarManager_Recursion.csproj", "{1DB16C18-8B82-43C1-B4C2-43613F6A2E90}"
EndProject
Project("{FAE04EC0-301F-11D3-BF4B-00C04F79EFBC}") = "Snake_Youtube", "Draft\Snake_Youtube.csproj", "{F2DC470B-05EA-4696-8BAF-D013936EF1C0}"
EndProject
Project("{FAE04EC0-301F-11D3-BF4B-00C04F79EFBC}") = "Lab3_FarManager_Files", "Lab3_FarManager_Files\Lab3_FarManager_Files.csproj", "{B2835668-3C14-4AB4-AFD6-2AEB75270C9A}"
EndProject
Project("{FAE04EC0-301F-11D3-BF4B-00C04F79EFBC}") = "Lab4_XmlSerialization_Complex", "Lab4_XmlSerialization_Complex\Lab4_XmlSerialization_Complex.csproj", "{F594D713-F77A-487E-977A-D9A87CE77C17}"
EndProject
Project("{FAE04EC0-301F-11D3-BF4B-00C04F79EFBC}") = "Lab4_BinaryFormatterSerialization_Complex", "Lab4_BinaryFormatterSerialization_Complex\Lab4_BinaryFormatterSerialization_Complex.csproj", "{F62D5029-DCAB-4B2E-AA22-51E6EF138025}"
EndProject
Project("{FAE04EC0-301F-11D3-BF4B-00C04F79EFBC}") = "Lab4_JsonSerialization_Complex", "Lab4_JsonSerialization_Complex\Lab4_JsonSerialization_Complex.csproj", "{F6F60B86-81B4-465A-8C8F-EB3E0E619446}"
EndProject
Project("{FAE04EC0-301F-11D3-BF4B-00C04F79EFBC}") = "Lab5_Snake", "Lab5_Snake\Lab5_Snake.csproj", "{4C6491D9-F3A6-4D86-BE91-B895BF57D5F6}"
EndProject
Project("{FAE04EC0-301F-11D3-BF4B-00C04F79EFBC}") = "Draft_Paper", "Draft_Paper\Draft_Paper.csproj", "{A72645A6-E6A8-4285-8F10-AA2EBBF16C86}"
EndProject
Project("{FAE04EC0-301F-11D3-BF4B-00C04F79EFBC}") = "Lab6_Snake", "Lab6_Snake\Lab6_Snake.csproj", "{9EA19607-A87B-4C07-A8EB-959D8267AF74}"
EndProject
Global
	GlobalSection(SolutionConfigurationPlatforms) = preSolution
		Debug|Any CPU = Debug|Any CPU
		Release|Any CPU = Release|Any CPU
	EndGlobalSection
	GlobalSection(ProjectConfigurationPlatforms) = postSolution
		{25C5D990-B275-4297-8D21-590BB4C7CE7B}.Debug|Any CPU.ActiveCfg = Debug|Any CPU
		{25C5D990-B275-4297-8D21-590BB4C7CE7B}.Debug|Any CPU.Build.0 = Debug|Any CPU
		{25C5D990-B275-4297-8D21-590BB4C7CE7B}.Release|Any CPU.ActiveCfg = Release|Any CPU
		{25C5D990-B275-4297-8D21-590BB4C7CE7B}.Release|Any CPU.Build.0 = Release|Any CPU
		{E7547A87-5090-406B-A69A-8FB7C117E933}.Debug|Any CPU.ActiveCfg = Debug|Any CPU
		{E7547A87-5090-406B-A69A-8FB7C117E933}.Debug|Any CPU.Build.0 = Debug|Any CPU
		{E7547A87-5090-406B-A69A-8FB7C117E933}.Release|Any CPU.ActiveCfg = Release|Any CPU
		{E7547A87-5090-406B-A69A-8FB7C117E933}.Release|Any CPU.Build.0 = Release|Any CPU
		{879CD181-FB10-4731-8F45-4DAE13F9AFCB}.Debug|Any CPU.ActiveCfg = Debug|Any CPU
		{879CD181-FB10-4731-8F45-4DAE13F9AFCB}.Debug|Any CPU.Build.0 = Debug|Any CPU
		{879CD181-FB10-4731-8F45-4DAE13F9AFCB}.Release|Any CPU.ActiveCfg = Release|Any CPU
		{879CD181-FB10-4731-8F45-4DAE13F9AFCB}.Release|Any CPU.Build.0 = Release|Any CPU
		{8C0EE273-9D2A-49AB-BE79-2ECEFBBD17D9}.Debug|Any CPU.ActiveCfg = Debug|Any CPU
		{8C0EE273-9D2A-49AB-BE79-2ECEFBBD17D9}.Debug|Any CPU.Build.0 = Debug|Any CPU
		{8C0EE273-9D2A-49AB-BE79-2ECEFBBD17D9}.Release|Any CPU.ActiveCfg = Release|Any CPU
		{8C0EE273-9D2A-49AB-BE79-2ECEFBBD17D9}.Release|Any CPU.Build.0 = Release|Any CPU
		{7A43F763-1AAC-4761-9327-AF2CF7F85644}.Debug|Any CPU.ActiveCfg = Debug|Any CPU
		{7A43F763-1AAC-4761-9327-AF2CF7F85644}.Debug|Any CPU.Build.0 = Debug|Any CPU
		{7A43F763-1AAC-4761-9327-AF2CF7F85644}.Release|Any CPU.ActiveCfg = Release|Any CPU
		{7A43F763-1AAC-4761-9327-AF2CF7F85644}.Release|Any CPU.Build.0 = Release|Any CPU
		{4513803D-CA49-45BA-A79F-001D2589A4A1}.Debug|Any CPU.ActiveCfg = Debug|Any CPU
		{4513803D-CA49-45BA-A79F-001D2589A4A1}.Debug|Any CPU.Build.0 = Debug|Any CPU
		{4513803D-CA49-45BA-A79F-001D2589A4A1}.Release|Any CPU.ActiveCfg = Release|Any CPU
		{4513803D-CA49-45BA-A79F-001D2589A4A1}.Release|Any CPU.Build.0 = Release|Any CPU
		{1DB16C18-8B82-43C1-B4C2-43613F6A2E90}.Debug|Any CPU.ActiveCfg = Debug|Any CPU
		{1DB16C18-8B82-43C1-B4C2-43613F6A2E90}.Debug|Any CPU.Build.0 = Debug|Any CPU
		{1DB16C18-8B82-43C1-B4C2-43613F6A2E90}.Release|Any CPU.ActiveCfg = Release|Any CPU
		{1DB16C18-8B82-43C1-B4C2-43613F6A2E90}.Release|Any CPU.Build.0 = Release|Any CPU
		{F2DC470B-05EA-4696-8BAF-D013936EF1C0}.Debug|Any CPU.ActiveCfg = Debug|Any CPU
		{F2DC470B-05EA-4696-8BAF-D013936EF1C0}.Debug|Any CPU.Build.0 = Debug|Any CPU
		{F2DC470B-05EA-4696-8BAF-D013936EF1C0}.Release|Any CPU.ActiveCfg = Release|Any CPU
		{F2DC470B-05EA-4696-8BAF-D013936EF1C0}.Release|Any CPU.Build.0 = Release|Any CPU
		{B2835668-3C14-4AB4-AFD6-2AEB75270C9A}.Debug|Any CPU.ActiveCfg = Debug|Any CPU
		{B2835668-3C14-4AB4-AFD6-2AEB75270C9A}.Debug|Any CPU.Build.0 = Debug|Any CPU
		{B2835668-3C14-4AB4-AFD6-2AEB75270C9A}.Release|Any CPU.ActiveCfg = Release|Any CPU
		{B2835668-3C14-4AB4-AFD6-2AEB75270C9A}.Release|Any CPU.Build.0 = Release|Any CPU
		{F594D713-F77A-487E-977A-D9A87CE77C17}.Debug|Any CPU.ActiveCfg = Debug|Any CPU
		{F594D713-F77A-487E-977A-D9A87CE77C17}.Debug|Any CPU.Build.0 = Debug|Any CPU
		{F594D713-F77A-487E-977A-D9A87CE77C17}.Release|Any CPU.ActiveCfg = Release|Any CPU
		{F594D713-F77A-487E-977A-D9A87CE77C17}.Release|Any CPU.Build.0 = Release|Any CPU
		{F62D5029-DCAB-4B2E-AA22-51E6EF138025}.Debug|Any CPU.ActiveCfg = Debug|Any CPU
		{F62D5029-DCAB-4B2E-AA22-51E6EF138025}.Debug|Any CPU.Build.0 = Debug|Any CPU
		{F62D5029-DCAB-4B2E-AA22-51E6EF138025}.Release|Any CPU.ActiveCfg = Release|Any CPU
		{F62D5029-DCAB-4B2E-AA22-51E6EF138025}.Release|Any CPU.Build.0 = Release|Any CPU
		{F6F60B86-81B4-465A-8C8F-EB3E0E619446}.Debug|Any CPU.ActiveCfg = Debug|Any CPU
		{F6F60B86-81B4-465A-8C8F-EB3E0E619446}.Debug|Any CPU.Build.0 = Debug|Any CPU
		{F6F60B86-81B4-465A-8C8F-EB3E0E619446}.Release|Any CPU.ActiveCfg = Release|Any CPU
		{F6F60B86-81B4-465A-8C8F-EB3E0E619446}.Release|Any CPU.Build.0 = Release|Any CPU
		{4C6491D9-F3A6-4D86-BE91-B895BF57D5F6}.Debug|Any CPU.ActiveCfg = Debug|Any CPU
		{4C6491D9-F3A6-4D86-BE91-B895BF57D5F6}.Debug|Any CPU.Build.0 = Debug|Any CPU
		{4C6491D9-F3A6-4D86-BE91-B895BF57D5F6}.Release|Any CPU.ActiveCfg = Release|Any CPU
		{4C6491D9-F3A6-4D86-BE91-B895BF57D5F6}.Release|Any CPU.Build.0 = Release|Any CPU
		{A72645A6-E6A8-4285-8F10-AA2EBBF16C86}.Debug|Any CPU.ActiveCfg = Debug|Any CPU
		{A72645A6-E6A8-4285-8F10-AA2EBBF16C86}.Debug|Any CPU.Build.0 = Debug|Any CPU
		{A72645A6-E6A8-4285-8F10-AA2EBBF16C86}.Release|Any CPU.ActiveCfg = Release|Any CPU
		{A72645A6-E6A8-4285-8F10-AA2EBBF16C86}.Release|Any CPU.Build.0 = Release|Any CPU
		{9EA19607-A87B-4C07-A8EB-959D8267AF74}.Debug|Any CPU.ActiveCfg = Debug|Any CPU
		{9EA19607-A87B-4C07-A8EB-959D8267AF74}.Debug|Any CPU.Build.0 = Debug|Any CPU
		{9EA19607-A87B-4C07-A8EB-959D8267AF74}.Release|Any CPU.ActiveCfg = Release|Any CPU
		{9EA19607-A87B-4C07-A8EB-959D8267AF74}.Release|Any CPU.Build.0 = Release|Any CPU
	EndGlobalSection
	GlobalSection(SolutionProperties) = preSolution
		HideSolutionNode = FALSE
	EndGlobalSection
EndGlobal
